
Microsoft Visual Studio Solution File, Format Version 12.00
# Visual Studio Version 17
VisualStudioVersion = 17.2.32505.173
MinimumVisualStudioVersion = 10.0.40219.1
Project("{9A19103F-16F7-4668-BE54-9A1E7A4F7556}") = "graduationproject", "graduation project\graduationproject.csproj", "{E7DC663E-6B0C-4E4A-9F12-C537D1D62567}"
EndProject
Global
	GlobalSection(SolutionConfigurationPlatforms) = preSolution
		Debug|Any CPU = Debug|Any CPU
		Release|Any CPU = Release|Any CPU
	EndGlobalSection
	GlobalSection(ProjectConfigurationPlatforms) = postSolution
		{E7DC663E-6B0C-4E4A-9F12-C537D1D62567}.Debug|Any CPU.ActiveCfg = Debug|Any CPU
		{E7DC663E-6B0C-4E4A-9F12-C537D1D62567}.Debug|Any CPU.Build.0 = Debug|Any CPU
		{E7DC663E-6B0C-4E4A-9F12-C537D1D62567}.Release|Any CPU.ActiveCfg = Release|Any CPU
		{E7DC663E-6B0C-4E4A-9F12-C537D1D62567}.Release|Any CPU.Build.0 = Release|Any CPU
	EndGlobalSection
	GlobalSection(SolutionProperties) = preSolution
		HideSolutionNode = FALSE
	EndGlobalSection
	GlobalSection(ExtensibilityGlobals) = postSolution
		SolutionGuid = {5231664D-4399-4D65-960C-DAFEFAE31558}
	EndGlobalSection
EndGlobal
